// !$*UTF8*$!
{
	archiveVersion = 1;
	classes = {
	};
	objectVersion = 56;
	objects = {

/* Begin PBXBuildFile section */
		F14E362E2A2F09A000DF834C /* WWDC23App.swift in Sources */ = {isa = PBXBuildFile; fileRef = F14E362D2A2F09A000DF834C /* WWDC23App.swift */; };
		F14E36302A2F09A000DF834C /* Item.swift in Sources */ = {isa = PBXBuildFile; fileRef = F14E362F2A2F09A000DF834C /* Item.swift */; };
		F14E36322A2F09A000DF834C /* ContentView.swift in Sources */ = {isa = PBXBuildFile; fileRef = F14E36312A2F09A000DF834C /* ContentView.swift */; };
		F14E36342A2F09A100DF834C /* Assets.xcassets in Resources */ = {isa = PBXBuildFile; fileRef = F14E36332A2F09A100DF834C /* Assets.xcassets */; };
		F14E36382A2F09A100DF834C /* Preview Assets.xcassets in Resources */ = {isa = PBXBuildFile; fileRef = F14E36372A2F09A100DF834C /* Preview Assets.xcassets */; };
		F14E36432A2F09A100DF834C /* WWDC23Tests.swift in Sources */ = {isa = PBXBuildFile; fileRef = F14E36422A2F09A100DF834C /* WWDC23Tests.swift */; };
		F14E364D2A2F09A100DF834C /* WWDC23UITests.swift in Sources */ = {isa = PBXBuildFile; fileRef = F14E364C2A2F09A100DF834C /* WWDC23UITests.swift */; };
		F14E364F2A2F09A100DF834C /* WWDC23UITestsLaunchTests.swift in Sources */ = {isa = PBXBuildFile; fileRef = F14E364E2A2F09A100DF834C /* WWDC23UITestsLaunchTests.swift */; };
/* End PBXBuildFile section */

/* Begin PBXContainerItemProxy section */
		F14E363F2A2F09A100DF834C /* PBXContainerItemProxy */ = {
			isa = PBXContainerItemProxy;
			containerPortal = F14E36222A2F09A000DF834C /* Project object */;
			proxyType = 1;
			remoteGlobalIDString = F14E36292A2F09A000DF834C;
			remoteInfo = WWDC23;
		};
		F14E36492A2F09A100DF834C /* PBXContainerItemProxy */ = {
			isa = PBXContainerItemProxy;
			containerPortal = F14E36222A2F09A000DF834C /* Project object */;
			proxyType = 1;
			remoteGlobalIDString = F14E36292A2F09A000DF834C;
			remoteInfo = WWDC23;
		};
/* End PBXContainerItemProxy section */

/* Begin PBXFileReference section */
		F14E362A2A2F09A000DF834C /* WWDC23.app */ = {isa = PBXFileReference; explicitFileType = wrapper.application; includeInIndex = 0; path = WWDC23.app; sourceTree = BUILT_PRODUCTS_DIR; };
		F14E362D2A2F09A000DF834C /* WWDC23App.swift */ = {isa = PBXFileReference; lastKnownFileType = sourcecode.swift; path = WWDC23App.swift; sourceTree = "<group>"; };
		F14E362F2A2F09A000DF834C /* Item.swift */ = {isa = PBXFileReference; lastKnownFileType = sourcecode.swift; path = Item.swift; sourceTree = "<group>"; };
		F14E36312A2F09A000DF834C /* ContentView.swift */ = {isa = PBXFileReference; lastKnownFileType = sourcecode.swift; path = ContentView.swift; sourceTree = "<group>"; };
		F14E36332A2F09A100DF834C /* Assets.xcassets */ = {isa = PBXFileReference; lastKnownFileType = folder.assetcatalog; path = Assets.xcassets; sourceTree = "<group>"; };
		F14E36352A2F09A100DF834C /* WWDC23.entitlements */ = {isa = PBXFileReference; lastKnownFileType = text.plist.entitlements; path = WWDC23.entitlements; sourceTree = "<group>"; };
		F14E36372A2F09A100DF834C /* Preview Assets.xcassets */ = {isa = PBXFileReference; lastKnownFileType = folder.assetcatalog; path = "Preview Assets.xcassets"; sourceTree = "<group>"; };
		F14E36392A2F09A100DF834C /* Info.plist */ = {isa = PBXFileReference; lastKnownFileType = text.plist.xml; path = Info.plist; sourceTree = "<group>"; };
		F14E363E2A2F09A100DF834C /* WWDC23Tests.xctest */ = {isa = PBXFileReference; explicitFileType = wrapper.cfbundle; includeInIndex = 0; path = WWDC23Tests.xctest; sourceTree = BUILT_PRODUCTS_DIR; };
		F14E36422A2F09A100DF834C /* WWDC23Tests.swift */ = {isa = PBXFileReference; lastKnownFileType = sourcecode.swift; path = WWDC23Tests.swift; sourceTree = "<group>"; };
		F14E36482A2F09A100DF834C /* WWDC23UITests.xctest */ = {isa = PBXFileReference; explicitFileType = wrapper.cfbundle; includeInIndex = 0; path = WWDC23UITests.xctest; sourceTree = BUILT_PRODUCTS_DIR; };
		F14E364C2A2F09A100DF834C /* WWDC23UITests.swift */ = {isa = PBXFileReference; lastKnownFileType = sourcecode.swift; path = WWDC23UITests.swift; sourceTree = "<group>"; };
		F14E364E2A2F09A100DF834C /* WWDC23UITestsLaunchTests.swift */ = {isa = PBXFileReference; lastKnownFileType = sourcecode.swift; path = WWDC23UITestsLaunchTests.swift; sourceTree = "<group>"; };
/* End PBXFileReference section */

/* Begin PBXFrameworksBuildPhase section */
		F14E36272A2F09A000DF834C /* Frameworks */ = {
			isa = PBXFrameworksBuildPhase;
			buildActionMask = 2147483647;
			files = (
			);
			runOnlyForDeploymentPostprocessing = 0;
		};
		F14E363B2A2F09A100DF834C /* Frameworks */ = {
			isa = PBXFrameworksBuildPhase;
			buildActionMask = 2147483647;
			files = (
			);
			runOnlyForDeploymentPostprocessing = 0;
		};
		F14E36452A2F09A100DF834C /* Frameworks */ = {
			isa = PBXFrameworksBuildPhase;
			buildActionMask = 2147483647;
			files = (
			);
			runOnlyForDeploymentPostprocessing = 0;
		};
/* End PBXFrameworksBuildPhase section */

/* Begin PBXGroup section */
		F14E36212A2F09A000DF834C = {
			isa = PBXGroup;
			children = (
				F14E362C2A2F09A000DF834C /* WWDC23 */,
				F14E36412A2F09A100DF834C /* WWDC23Tests */,
				F14E364B2A2F09A100DF834C /* WWDC23UITests */,
				F14E362B2A2F09A000DF834C /* Products */,
			);
			sourceTree = "<group>";
		};
		F14E362B2A2F09A000DF834C /* Products */ = {
			isa = PBXGroup;
			children = (
				F14E362A2A2F09A000DF834C /* WWDC23.app */,
				F14E363E2A2F09A100DF834C /* WWDC23Tests.xctest */,
				F14E36482A2F09A100DF834C /* WWDC23UITests.xctest */,
			);
			name = Products;
			sourceTree = "<group>";
		};
		F14E362C2A2F09A000DF834C /* WWDC23 */ = {
			isa = PBXGroup;
			children = (
				F14E362D2A2F09A000DF834C /* WWDC23App.swift */,
				F14E362F2A2F09A000DF834C /* Item.swift */,
				F14E36312A2F09A000DF834C /* ContentView.swift */,
				F14E36332A2F09A100DF834C /* Assets.xcassets */,
				F14E36352A2F09A100DF834C /* WWDC23.entitlements */,
				F14E36392A2F09A100DF834C /* Info.plist */,
				F14E36362A2F09A100DF834C /* Preview Content */,
			);
			path = WWDC23;
			sourceTree = "<group>";
		};
		F14E36362A2F09A100DF834C /* Preview Content */ = {
			isa = PBXGroup;
			children = (
				F14E36372A2F09A100DF834C /* Preview Assets.xcassets */,
			);
			path = "Preview Content";
			sourceTree = "<group>";
		};
		F14E36412A2F09A100DF834C /* WWDC23Tests */ = {
			isa = PBXGroup;
			children = (
				F14E36422A2F09A100DF834C /* WWDC23Tests.swift */,
			);
			path = WWDC23Tests;
			sourceTree = "<group>";
		};
		F14E364B2A2F09A100DF834C /* WWDC23UITests */ = {
			isa = PBXGroup;
			children = (
				F14E364C2A2F09A100DF834C /* WWDC23UITests.swift */,
				F14E364E2A2F09A100DF834C /* WWDC23UITestsLaunchTests.swift */,
			);
			path = WWDC23UITests;
			sourceTree = "<group>";
		};
/* End PBXGroup section */

/* Begin PBXNativeTarget section */
		F14E36292A2F09A000DF834C /* WWDC23 */ = {
			isa = PBXNativeTarget;
			buildConfigurationList = F14E36522A2F09A100DF834C /* Build configuration list for PBXNativeTarget "WWDC23" */;
			buildPhases = (
				F14E36262A2F09A000DF834C /* Sources */,
				F14E36272A2F09A000DF834C /* Frameworks */,
				F14E36282A2F09A000DF834C /* Resources */,
			);
			buildRules = (
			);
			dependencies = (
			);
			name = WWDC23;
			productName = WWDC23;
			productReference = F14E362A2A2F09A000DF834C /* WWDC23.app */;
			productType = "com.apple.product-type.application";
		};
		F14E363D2A2F09A100DF834C /* WWDC23Tests */ = {
			isa = PBXNativeTarget;
			buildConfigurationList = F14E36552A2F09A100DF834C /* Build configuration list for PBXNativeTarget "WWDC23Tests" */;
			buildPhases = (
				F14E363A2A2F09A100DF834C /* Sources */,
				F14E363B2A2F09A100DF834C /* Frameworks */,
				F14E363C2A2F09A100DF834C /* Resources */,
			);
			buildRules = (
			);
			dependencies = (
				F14E36402A2F09A100DF834C /* PBXTargetDependency */,
			);
			name = WWDC23Tests;
			productName = WWDC23Tests;
			productReference = F14E363E2A2F09A100DF834C /* WWDC23Tests.xctest */;
			productType = "com.apple.product-type.bundle.unit-test";
		};
		F14E36472A2F09A100DF834C /* WWDC23UITests */ = {
			isa = PBXNativeTarget;
			buildConfigurationList = F14E36582A2F09A100DF834C /* Build configuration list for PBXNativeTarget "WWDC23UITests" */;
			buildPhases = (
				F14E36442A2F09A100DF834C /* Sources */,
				F14E36452A2F09A100DF834C /* Frameworks */,
				F14E36462A2F09A100DF834C /* Resources */,
			);
			buildRules = (
			);
			dependencies = (
				F14E364A2A2F09A100DF834C /* PBXTargetDependency */,
			);
			name = WWDC23UITests;
			productName = WWDC23UITests;
			productReference = F14E36482A2F09A100DF834C /* WWDC23UITests.xctest */;
			productType = "com.apple.product-type.bundle.ui-testing";
		};
/* End PBXNativeTarget section */

/* Begin PBXProject section */
		F14E36222A2F09A000DF834C /* Project object */ = {
			isa = PBXProject;
			attributes = {
				BuildIndependentTargetsInParallel = 1;
				LastSwiftUpdateCheck = 1500;
				LastUpgradeCheck = 1500;
				TargetAttributes = {
					F14E36292A2F09A000DF834C = {
						CreatedOnToolsVersion = 15.0;
					};
					F14E363D2A2F09A100DF834C = {
						CreatedOnToolsVersion = 15.0;
						TestTargetID = F14E36292A2F09A000DF834C;
					};
					F14E36472A2F09A100DF834C = {
						CreatedOnToolsVersion = 15.0;
						TestTargetID = F14E36292A2F09A000DF834C;
					};
				};
			};
			buildConfigurationList = F14E36252A2F09A000DF834C /* Build configuration list for PBXProject "WWDC23" */;
			compatibilityVersion = "Xcode 14.0";
			developmentRegion = en;
			hasScannedForEncodings = 0;
			knownRegions = (
				en,
				Base,
			);
			mainGroup = F14E36212A2F09A000DF834C;
			productRefGroup = F14E362B2A2F09A000DF834C /* Products */;
			projectDirPath = "";
			projectRoot = "";
			targets = (
				F14E36292A2F09A000DF834C /* WWDC23 */,
				F14E363D2A2F09A100DF834C /* WWDC23Tests */,
				F14E36472A2F09A100DF834C /* WWDC23UITests */,
			);
		};
/* End PBXProject section */

/* Begin PBXResourcesBuildPhase section */
		F14E36282A2F09A000DF834C /* Resources */ = {
			isa = PBXResourcesBuildPhase;
			buildActionMask = 2147483647;
			files = (
				F14E36382A2F09A100DF834C /* Preview Assets.xcassets in Resources */,
				F14E36342A2F09A100DF834C /* Assets.xcassets in Resources */,
			);
			runOnlyForDeploymentPostprocessing = 0;
		};
		F14E363C2A2F09A100DF834C /* Resources */ = {
			isa = PBXResourcesBuildPhase;
			buildActionMask = 2147483647;
			files = (
			);
			runOnlyForDeploymentPostprocessing = 0;
		};
		F14E36462A2F09A100DF834C /* Resources */ = {
			isa = PBXResourcesBuildPhase;
			buildActionMask = 2147483647;
			files = (
			);
			runOnlyForDeploymentPostprocessing = 0;
		};
/* End PBXResourcesBuildPhase section */

/* Begin PBXSourcesBuildPhase section */
		F14E36262A2F09A000DF834C /* Sources */ = {
			isa = PBXSourcesBuildPhase;
			buildActionMask = 2147483647;
			files = (
				F14E36302A2F09A000DF834C /* Item.swift in Sources */,
				F14E362E2A2F09A000DF834C /* WWDC23App.swift in Sources */,
				F14E36322A2F09A000DF834C /* ContentView.swift in Sources */,
			);
			runOnlyForDeploymentPostprocessing = 0;
		};
		F14E363A2A2F09A100DF834C /* Sources */ = {
			isa = PBXSourcesBuildPhase;
			buildActionMask = 2147483647;
			files = (
				F14E36432A2F09A100DF834C /* WWDC23Tests.swift in Sources */,
			);
			runOnlyForDeploymentPostprocessing = 0;
		};
		F14E36442A2F09A100DF834C /* Sources */ = {
			isa = PBXSourcesBuildPhase;
			buildActionMask = 2147483647;
			files = (
				F14E364F2A2F09A100DF834C /* WWDC23UITestsLaunchTests.swift in Sources */,
				F14E364D2A2F09A100DF834C /* WWDC23UITests.swift in Sources */,
			);
			runOnlyForDeploymentPostprocessing = 0;
		};
/* End PBXSourcesBuildPhase section */

/* Begin PBXTargetDependency section */
		F14E36402A2F09A100DF834C /* PBXTargetDependency */ = {
			isa = PBXTargetDependency;
			target = F14E36292A2F09A000DF834C /* WWDC23 */;
			targetProxy = F14E363F2A2F09A100DF834C /* PBXContainerItemProxy */;
		};
		F14E364A2A2F09A100DF834C /* PBXTargetDependency */ = {
			isa = PBXTargetDependency;
			target = F14E36292A2F09A000DF834C /* WWDC23 */;
			targetProxy = F14E36492A2F09A100DF834C /* PBXContainerItemProxy */;
		};
/* End PBXTargetDependency section */

/* Begin XCBuildConfiguration section */
		F14E36502A2F09A100DF834C /* Debug */ = {
			isa = XCBuildConfiguration;
			buildSettings = {
				ALWAYS_SEARCH_USER_PATHS = NO;
				ASSETCATALOG_COMPILER_GENERATE_SWIFT_ASSET_SYMBOL_EXTENSIONS = YES;
				CLANG_ANALYZER_NONNULL = YES;
				CLANG_ANALYZER_NUMBER_OBJECT_CONVERSION = YES_AGGRESSIVE;
				CLANG_CXX_LANGUAGE_STANDARD = "gnu++20";
				CLANG_ENABLE_MODULES = YES;
				CLANG_ENABLE_OBJC_ARC = YES;
				CLANG_ENABLE_OBJC_WEAK = YES;
				CLANG_WARN_BLOCK_CAPTURE_AUTORELEASING = YES;
				CLANG_WARN_BOOL_CONVERSION = YES;
				CLANG_WARN_COMMA = YES;
				CLANG_WARN_CONSTANT_CONVERSION = YES;
				CLANG_WARN_DEPRECATED_OBJC_IMPLEMENTATIONS = YES;
				CLANG_WARN_DIRECT_OBJC_ISA_USAGE = YES_ERROR;
				CLANG_WARN_DOCUMENTATION_COMMENTS = YES;
				CLANG_WARN_EMPTY_BODY = YES;
				CLANG_WARN_ENUM_CONVERSION = YES;
				CLANG_WARN_INFINITE_RECURSION = YES;
				CLANG_WARN_INT_CONVERSION = YES;
				CLANG_WARN_NON_LITERAL_NULL_CONVERSION = YES;
				CLANG_WARN_OBJC_IMPLICIT_RETAIN_SELF = YES;
				CLANG_WARN_OBJC_LITERAL_CONVERSION = YES;
				CLANG_WARN_OBJC_ROOT_CLASS = YES_ERROR;
				CLANG_WARN_QUOTED_INCLUDE_IN_FRAMEWORK_HEADER = YES;
				CLANG_WARN_RANGE_LOOP_ANALYSIS = YES;
				CLANG_WARN_STRICT_PROTOTYPES = YES;
				CLANG_WARN_SUSPICIOUS_MOVE = YES;
				CLANG_WARN_UNGUARDED_AVAILABILITY = YES_AGGRESSIVE;
				CLANG_WARN_UNREACHABLE_CODE = YES;
				CLANG_WARN__DUPLICATE_METHOD_MATCH = YES;
				COPY_PHASE_STRIP = NO;
				DEBUG_INFORMATION_FORMAT = dwarf;
				ENABLE_STRICT_OBJC_MSGSEND = YES;
				ENABLE_TESTABILITY = YES;
				ENABLE_USER_SCRIPT_SANDBOXING = YES;
				GCC_C_LANGUAGE_STANDARD = gnu17;
				GCC_DYNAMIC_NO_PIC = NO;
				GCC_NO_COMMON_BLOCKS = YES;
				GCC_OPTIMIZATION_LEVEL = 0;
				GCC_PREPROCESSOR_DEFINITIONS = (
					"DEBUG=1",
					"$(inherited)",
				);
				GCC_WARN_64_TO_32_BIT_CONVERSION = YES;
				GCC_WARN_ABOUT_RETURN_TYPE = YES_ERROR;
				GCC_WARN_UNDECLARED_SELECTOR = YES;
				GCC_WARN_UNINITIALIZED_AUTOS = YES_AGGRESSIVE;
				GCC_WARN_UNUSED_FUNCTION = YES;
				GCC_WARN_UNUSED_VARIABLE = YES;
				LOCALIZATION_PREFERS_STRING_CATALOGS = YES;
				MTL_ENABLE_DEBUG_INFO = INCLUDE_SOURCE;
				MTL_FAST_MATH = YES;
				ONLY_ACTIVE_ARCH = YES;
				SWIFT_ACTIVE_COMPILATION_CONDITIONS = "DEBUG $(inherited)";
				SWIFT_OPTIMIZATION_LEVEL = "-Onone";
			};
			name = Debug;
		};
		F14E36512A2F09A100DF834C /* Release */ = {
			isa = XCBuildConfiguration;
			buildSettings = {
				ALWAYS_SEARCH_USER_PATHS = NO;
				ASSETCATALOG_COMPILER_GENERATE_SWIFT_ASSET_SYMBOL_EXTENSIONS = YES;
				CLANG_ANALYZER_NONNULL = YES;
				CLANG_ANALYZER_NUMBER_OBJECT_CONVERSION = YES_AGGRESSIVE;
				CLANG_CXX_LANGUAGE_STANDARD = "gnu++20";
				CLANG_ENABLE_MODULES = YES;
				CLANG_ENABLE_OBJC_ARC = YES;
				CLANG_ENABLE_OBJC_WEAK = YES;
				CLANG_WARN_BLOCK_CAPTURE_AUTORELEASING = YES;
				CLANG_WARN_BOOL_CONVERSION = YES;
				CLANG_WARN_COMMA = YES;
				CLANG_WARN_CONSTANT_CONVERSION = YES;
				CLANG_WARN_DEPRECATED_OBJC_IMPLEMENTATIONS = YES;
				CLANG_WARN_DIRECT_OBJC_ISA_USAGE = YES_ERROR;
				CLANG_WARN_DOCUMENTATION_COMMENTS = YES;
				CLANG_WARN_EMPTY_BODY = YES;
				CLANG_WARN_ENUM_CONVERSION = YES;
				CLANG_WARN_INFINITE_RECURSION = YES;
				CLANG_WARN_INT_CONVERSION = YES;
				CLANG_WARN_NON_LITERAL_NULL_CONVERSION = YES;
				CLANG_WARN_OBJC_IMPLICIT_RETAIN_SELF = YES;
				CLANG_WARN_OBJC_LITERAL_CONVERSION = YES;
				CLANG_WARN_OBJC_ROOT_CLASS = YES_ERROR;
				CLANG_WARN_QUOTED_INCLUDE_IN_FRAMEWORK_HEADER = YES;
				CLANG_WARN_RANGE_LOOP_ANALYSIS = YES;
				CLANG_WARN_STRICT_PROTOTYPES = YES;
				CLANG_WARN_SUSPICIOUS_MOVE = YES;
				CLANG_WARN_UNGUARDED_AVAILABILITY = YES_AGGRESSIVE;
				CLANG_WARN_UNREACHABLE_CODE = YES;
				CLANG_WARN__DUPLICATE_METHOD_MATCH = YES;
				COPY_PHASE_STRIP = NO;
				DEBUG_INFORMATION_FORMAT = "dwarf-with-dsym";
				ENABLE_NS_ASSERTIONS = NO;
				ENABLE_STRICT_OBJC_MSGSEND = YES;
				ENABLE_USER_SCRIPT_SANDBOXING = YES;
				GCC_C_LANGUAGE_STANDARD = gnu17;
				GCC_NO_COMMON_BLOCKS = YES;
				GCC_WARN_64_TO_32_BIT_CONVERSION = YES;
				GCC_WARN_ABOUT_RETURN_TYPE = YES_ERROR;
				GCC_WARN_UNDECLARED_SELECTOR = YES;
				GCC_WARN_UNINITIALIZED_AUTOS = YES_AGGRESSIVE;
				GCC_WARN_UNUSED_FUNCTION = YES;
				GCC_WARN_UNUSED_VARIABLE = YES;
				LOCALIZATION_PREFERS_STRING_CATALOGS = YES;
				MTL_ENABLE_DEBUG_INFO = NO;
				MTL_FAST_MATH = YES;
				SWIFT_COMPILATION_MODE = wholemodule;
			};
			name = Release;
		};
		F14E36532A2F09A100DF834C /* Debug */ = {
			isa = XCBuildConfiguration;
			buildSettings = {
				ASSETCATALOG_COMPILER_APPICON_NAME = AppIcon;
				ASSETCATALOG_COMPILER_GLOBAL_ACCENT_COLOR_NAME = AccentColor;
				CODE_SIGN_ENTITLEMENTS = WWDC23/WWDC23.entitlements;
				CODE_SIGN_STYLE = Automatic;
				CURRENT_PROJECT_VERSION = 1;
				DEVELOPMENT_ASSET_PATHS = "\"WWDC23/Preview Content\"";
				DEVELOPMENT_TEAM = 4YP7SQBLYV;
				ENABLE_HARDENED_RUNTIME = YES;
				ENABLE_PREVIEWS = YES;
				GENERATE_INFOPLIST_FILE = YES;
				INFOPLIST_FILE = WWDC23/Info.plist;
				"INFOPLIST_KEY_UIApplicationSceneManifest_Generation[sdk=iphoneos*]" = YES;
				"INFOPLIST_KEY_UIApplicationSceneManifest_Generation[sdk=iphonesimulator*]" = YES;
				"INFOPLIST_KEY_UIApplicationSupportsIndirectInputEvents[sdk=iphoneos*]" = YES;
				"INFOPLIST_KEY_UIApplicationSupportsIndirectInputEvents[sdk=iphonesimulator*]" = YES;
				"INFOPLIST_KEY_UILaunchScreen_Generation[sdk=iphoneos*]" = YES;
				"INFOPLIST_KEY_UILaunchScreen_Generation[sdk=iphonesimulator*]" = YES;
				"INFOPLIST_KEY_UIStatusBarStyle[sdk=iphoneos*]" = UIStatusBarStyleDefault;
				"INFOPLIST_KEY_UIStatusBarStyle[sdk=iphonesimulator*]" = UIStatusBarStyleDefault;
				INFOPLIST_KEY_UISupportedInterfaceOrientations_iPad = "UIInterfaceOrientationPortrait UIInterfaceOrientationPortraitUpsideDown UIInterfaceOrientationLandscapeLeft UIInterfaceOrientationLandscapeRight";
				INFOPLIST_KEY_UISupportedInterfaceOrientations_iPhone = "UIInterfaceOrientationPortrait UIInterfaceOrientationLandscapeLeft UIInterfaceOrientationLandscapeRight";
				IPHONEOS_DEPLOYMENT_TARGET = 17.0;
				LD_RUNPATH_SEARCH_PATHS = "@executable_path/Frameworks";
				"LD_RUNPATH_SEARCH_PATHS[sdk=macosx*]" = "@executable_path/../Frameworks";
				MACOSX_DEPLOYMENT_TARGET = 14.0;
				MARKETING_VERSION = 1.0;
				PRODUCT_BUNDLE_IDENTIFIER = com.kantacky.WWDC23;
				PRODUCT_NAME = "$(TARGET_NAME)";
				SDKROOT = auto;
				SUPPORTED_PLATFORMS = "iphoneos iphonesimulator macosx";
				SWIFT_EMIT_LOC_STRINGS = YES;
				SWIFT_VERSION = 5.0;
				TARGETED_DEVICE_FAMILY = "1,2";
			};
			name = Debug;
		};
		F14E36542A2F09A100DF834C /* Release */ = {
			isa = XCBuildConfiguration;
			buildSettings = {
				ASSETCATALOG_COMPILER_APPICON_NAME = AppIcon;
				ASSETCATALOG_COMPILER_GLOBAL_ACCENT_COLOR_NAME = AccentColor;
				CODE_SIGN_ENTITLEMENTS = WWDC23/WWDC23.entitlements;
				CODE_SIGN_STYLE = Automatic;
				CURRENT_PROJECT_VERSION = 1;
				DEVELOPMENT_ASSET_PATHS = "\"WWDC23/Preview Content\"";
				DEVELOPMENT_TEAM = 4YP7SQBLYV;
				ENABLE_HARDENED_RUNTIME = YES;
				ENABLE_PREVIEWS = YES;
				GENERATE_INFOPLIST_FILE = YES;
				INFOPLIST_FILE = WWDC23/Info.plist;
				"INFOPLIST_KEY_UIApplicationSceneManifest_Generation[sdk=iphoneos*]" = YES;
				"INFOPLIST_KEY_UIApplicationSceneManifest_Generation[sdk=iphonesimulator*]" = YES;
				"INFOPLIST_KEY_UIApplicationSupportsIndirectInputEvents[sdk=iphoneos*]" = YES;
				"INFOPLIST_KEY_UIApplicationSupportsIndirectInputEvents[sdk=iphonesimulator*]" = YES;
				"INFOPLIST_KEY_UILaunchScreen_Generation[sdk=iphoneos*]" = YES;
				"INFOPLIST_KEY_UILaunchScreen_Generation[sdk=iphonesimulator*]" = YES;
				"INFOPLIST_KEY_UIStatusBarStyle[sdk=iphoneos*]" = UIStatusBarStyleDefault;
				"INFOPLIST_KEY_UIStatusBarStyle[sdk=iphonesimulator*]" = UIStatusBarStyleDefault;
				INFOPLIST_KEY_UISupportedInterfaceOrientations_iPad = "UIInterfaceOrientationPortrait UIInterfaceOrientationPortraitUpsideDown UIInterfaceOrientationLandscapeLeft UIInterfaceOrientationLandscapeRight";
				INFOPLIST_KEY_UISupportedInterfaceOrientations_iPhone = "UIInterfaceOrientationPortrait UIInterfaceOrientationLandscapeLeft UIInterfaceOrientationLandscapeRight";
				IPHONEOS_DEPLOYMENT_TARGET = 17.0;
				LD_RUNPATH_SEARCH_PATHS = "@executable_path/Frameworks";
				"LD_RUNPATH_SEARCH_PATHS[sdk=macosx*]" = "@executable_path/../Frameworks";
				MACOSX_DEPLOYMENT_TARGET = 14.0;
				MARKETING_VERSION = 1.0;
				PRODUCT_BUNDLE_IDENTIFIER = com.kantacky.WWDC23;
				PRODUCT_NAME = "$(TARGET_NAME)";
				SDKROOT = auto;
				SUPPORTED_PLATFORMS = "iphoneos iphonesimulator macosx";
				SWIFT_EMIT_LOC_STRINGS = YES;
				SWIFT_VERSION = 5.0;
				TARGETED_DEVICE_FAMILY = "1,2";
			};
			name = Release;
		};
		F14E36562A2F09A100DF834C /* Debug */ = {
			isa = XCBuildConfiguration;
			buildSettings = {
				ALWAYS_EMBED_SWIFT_STANDARD_LIBRARIES = YES;
				BUNDLE_LOADER = "$(TEST_HOST)";
				CODE_SIGN_STYLE = Automatic;
				CURRENT_PROJECT_VERSION = 1;
				DEVELOPMENT_TEAM = 4YP7SQBLYV;
				GENERATE_INFOPLIST_FILE = YES;
				IPHONEOS_DEPLOYMENT_TARGET = 17.0;
				MACOSX_DEPLOYMENT_TARGET = 14.0;
				MARKETING_VERSION = 1.0;
				PRODUCT_BUNDLE_IDENTIFIER = com.kantacky.WWDC23Tests;
				PRODUCT_NAME = "$(TARGET_NAME)";
				SDKROOT = auto;
				SUPPORTED_PLATFORMS = "iphoneos iphonesimulator macosx";
				SWIFT_EMIT_LOC_STRINGS = NO;
				SWIFT_VERSION = 5.0;
				TARGETED_DEVICE_FAMILY = "1,2";
				TEST_HOST = "$(BUILT_PRODUCTS_DIR)/WWDC23.app/$(BUNDLE_EXECUTABLE_FOLDER_PATH)/WWDC23";
			};
			name = Debug;
		};
		F14E36572A2F09A100DF834C /* Release */ = {
			isa = XCBuildConfiguration;
			buildSettings = {
				ALWAYS_EMBED_SWIFT_STANDARD_LIBRARIES = YES;
				BUNDLE_LOADER = "$(TEST_HOST)";
				CODE_SIGN_STYLE = Automatic;
				CURRENT_PROJECT_VERSION = 1;
				DEVELOPMENT_TEAM = 4YP7SQBLYV;
				GENERATE_INFOPLIST_FILE = YES;
				IPHONEOS_DEPLOYMENT_TARGET = 17.0;
				MACOSX_DEPLOYMENT_TARGET = 14.0;
				MARKETING_VERSION = 1.0;
				PRODUCT_BUNDLE_IDENTIFIER = com.kantacky.WWDC23Tests;
				PRODUCT_NAME = "$(TARGET_NAME)";
				SDKROOT = auto;
				SUPPORTED_PLATFORMS = "iphoneos iphonesimulator macosx";
				SWIFT_EMIT_LOC_STRINGS = NO;
				SWIFT_VERSION = 5.0;
				TARGETED_DEVICE_FAMILY = "1,2";
				TEST_HOST = "$(BUILT_PRODUCTS_DIR)/WWDC23.app/$(BUNDLE_EXECUTABLE_FOLDER_PATH)/WWDC23";
			};
			name = Release;
		};
		F14E36592A2F09A100DF834C /* Debug */ = {
			isa = XCBuildConfiguration;
			buildSettings = {
				ALWAYS_EMBED_SWIFT_STANDARD_LIBRARIES = YES;
				CODE_SIGN_STYLE = Automatic;
				CURRENT_PROJECT_VERSION = 1;
				DEVELOPMENT_TEAM = 4YP7SQBLYV;
				GENERATE_INFOPLIST_FILE = YES;
				IPHONEOS_DEPLOYMENT_TARGET = 17.0;
				MACOSX_DEPLOYMENT_TARGET = 14.0;
				MARKETING_VERSION = 1.0;
				PRODUCT_BUNDLE_IDENTIFIER = com.kantacky.WWDC23UITests;
				PRODUCT_NAME = "$(TARGET_NAME)";
				SDKROOT = auto;
				SUPPORTED_PLATFORMS = "iphoneos iphonesimulator macosx";
				SWIFT_EMIT_LOC_STRINGS = NO;
				SWIFT_VERSION = 5.0;
				TARGETED_DEVICE_FAMILY = "1,2";
				TEST_TARGET_NAME = WWDC23;
			};
			name = Debug;
		};
		F14E365A2A2F09A100DF834C /* Release */ = {
			isa = XCBuildConfiguration;
			buildSettings = {
				ALWAYS_EMBED_SWIFT_STANDARD_LIBRARIES = YES;
				CODE_SIGN_STYLE = Automatic;
				CURRENT_PROJECT_VERSION = 1;
				DEVELOPMENT_TEAM = 4YP7SQBLYV;
				GENERATE_INFOPLIST_FILE = YES;
				IPHONEOS_DEPLOYMENT_TARGET = 17.0;
				MACOSX_DEPLOYMENT_TARGET = 14.0;
				MARKETING_VERSION = 1.0;
				PRODUCT_BUNDLE_IDENTIFIER = com.kantacky.WWDC23UITests;
				PRODUCT_NAME = "$(TARGET_NAME)";
				SDKROOT = auto;
				SUPPORTED_PLATFORMS = "iphoneos iphonesimulator macosx";
				SWIFT_EMIT_LOC_STRINGS = NO;
				SWIFT_VERSION = 5.0;
				TARGETED_DEVICE_FAMILY = "1,2";
				TEST_TARGET_NAME = WWDC23;
			};
			name = Release;
		};
/* End XCBuildConfiguration section */

/* Begin XCConfigurationList section */
		F14E36252A2F09A000DF834C /* Build configuration list for PBXProject "WWDC23" */ = {
			isa = XCConfigurationList;
			buildConfigurations = (
				F14E36502A2F09A100DF834C /* Debug */,
				F14E36512A2F09A100DF834C /* Release */,
			);
			defaultConfigurationIsVisible = 0;
			defaultConfigurationName = Release;
		};
		F14E36522A2F09A100DF834C /* Build configuration list for PBXNativeTarget "WWDC23" */ = {
			isa = XCConfigurationList;
			buildConfigurations = (
				F14E36532A2F09A100DF834C /* Debug */,
				F14E36542A2F09A100DF834C /* Release */,
			);
			defaultConfigurationIsVisible = 0;
			defaultConfigurationName = Release;
		};
		F14E36552A2F09A100DF834C /* Build configuration list for PBXNativeTarget "WWDC23Tests" */ = {
			isa = XCConfigurationList;
			buildConfigurations = (
				F14E36562A2F09A100DF834C /* Debug */,
				F14E36572A2F09A100DF834C /* Release */,
			);
			defaultConfigurationIsVisible = 0;
			defaultConfigurationName = Release;
		};
		F14E36582A2F09A100DF834C /* Build configuration list for PBXNativeTarget "WWDC23UITests" */ = {
			isa = XCConfigurationList;
			buildConfigurations = (
				F14E36592A2F09A100DF834C /* Debug */,
				F14E365A2A2F09A100DF834C /* Release */,
			);
			defaultConfigurationIsVisible = 0;
			defaultConfigurationName = Release;
		};
/* End XCConfigurationList section */
	};
	rootObject = F14E36222A2F09A000DF834C /* Project object */;
}
